
Microsoft Visual Studio Solution File, Format Version 12.00
# Visual Studio Version 17
VisualStudioVersion = 17.5.002.0
MinimumVisualStudioVersion = 10.0.40219.1
Project("{9A19103F-16F7-4668-BE54-9A1E7A4F7556}") = "GeneralServices", "GeneralServices.csproj", "{E766E0ED-A8FB-4DA8-AADE-4A4BB107D47C}"
EndProject
Global
	GlobalSection(SolutionConfigurationPlatforms) = preSolution
		Debug|Any CPU = Debug|Any CPU
		Release|Any CPU = Release|Any CPU
	EndGlobalSection
	GlobalSection(ProjectConfigurationPlatforms) = postSolution
		{E766E0ED-A8FB-4DA8-AADE-4A4BB107D47C}.Debug|Any CPU.ActiveCfg = Debug|Any CPU
		{E766E0ED-A8FB-4DA8-AADE-4A4BB107D47C}.Debug|Any CPU.Build.0 = Debug|Any CPU
		{E766E0ED-A8FB-4DA8-AADE-4A4BB107D47C}.Release|Any CPU.ActiveCfg = Release|Any CPU
		{E766E0ED-A8FB-4DA8-AADE-4A4BB107D47C}.Release|Any CPU.Build.0 = Release|Any CPU
	EndGlobalSection
	GlobalSection(SolutionProperties) = preSolution
		HideSolutionNode = FALSE
	EndGlobalSection
	GlobalSection(ExtensibilityGlobals) = postSolution
		SolutionGuid = {3BFF6B2C-F69B-48F1-8BFC-A0536963239E}
	EndGlobalSection
EndGlobal
